
Microsoft Visual Studio Solution File, Format Version 12.00
Project("{FAE04EC0-301F-11D3-BF4B-00C04F79EFBC}") = "NoPrimalAspids", "NoPrimalAspids\NoPrimalAspids.csproj", "{B2BCFC36-D974-4CE1-9EB1-4F7F89216647}"
EndProject
Global
	GlobalSection(SolutionConfigurationPlatforms) = preSolution
		Debug|Any CPU = Debug|Any CPU
		Release|Any CPU = Release|Any CPU
	EndGlobalSection
	GlobalSection(ProjectConfigurationPlatforms) = postSolution
		{B2BCFC36-D974-4CE1-9EB1-4F7F89216647}.Debug|Any CPU.ActiveCfg = Debug|Any CPU
		{B2BCFC36-D974-4CE1-9EB1-4F7F89216647}.Debug|Any CPU.Build.0 = Debug|Any CPU
		{B2BCFC36-D974-4CE1-9EB1-4F7F89216647}.Release|Any CPU.ActiveCfg = Release|Any CPU
		{B2BCFC36-D974-4CE1-9EB1-4F7F89216647}.Release|Any CPU.Build.0 = Release|Any CPU
	EndGlobalSection
EndGlobal
